<?xml version="1.0" encoding="utf-8"?>
<Project ToolsVersion="4.0" xmlns="http://schemas.microsoft.com/developer/msbuild/2003">
  <ItemGroup>
    <Filter Include="Source Files">
      <UniqueIdentifier>{8e1268bf-6e54-418f-8fa9-45ea8382f670}</UniqueIdentifier>
      <Extensions>cpp;c;cxx;rc;def;r;odl;idl;hpj;bat</Extensions>
    </Filter>
    <Filter Include="Header Files">
      <UniqueIdentifier>{2636deb9-ad52-4b49-b87a-474e6f10a9da}</UniqueIdentifier>
      <Extensions>h;hpp;hxx;hm;inl</Extensions>
    </Filter>
    <Filter Include="Resource Files">
      <UniqueIdentifier>{869efd97-46f8-43e0-afe4-0cb206c4b7a0}</UniqueIdentifier>
      <Extensions>ico;cur;bmp;dlg;rc2;rct;bin;rgs;gif;jpg;jpeg;jpe</Extensions>
    </Filter>
  </ItemGroup>
  <ItemGroup>
    <ClCompile Include="BilImages.cpp">
      <Filter>Source Files</Filter>
    </ClCompile>
    <ClCompile Include="MainFrm.cpp">
      <Filter>Source Files</Filter>
    </ClCompile>
    <ClCompile Include="MapEditor.cpp">
      <Filter>Source Files</Filter>
    </ClCompile>
    <ClCompile Include="MapView.cpp">
      <Filter>Source Files</Filter>
    </ClCompile>
    <ClCompile Include="ObjSetView.cpp">
      <Filter>Source Files</Filter>
    </ClCompile>
    <ClCompile Include="ObjView.cpp">
      <Filter>Source Files</Filter>
    </ClCompile>
    <ClCompile Include="ProgressStatusBar.cpp">
      <Filter>Source Files</Filter>
    </ClCompile>
    <ClCompile Include="SingleSmallTileView.cpp">
      <Filter>Source Files</Filter>
    </ClCompile>
    <ClCompile Include="SingleTileView.cpp">
      <Filter>Source Files</Filter>
    </ClCompile>
    <ClCompile Include="SmallTileView.cpp">
      <Filter>Source Files</Filter>
    </ClCompile>
    <ClCompile Include="StdAfx.cpp">
      <Filter>Source Files</Filter>
    </ClCompile>
    <ClCompile Include="TileView.cpp">
      <Filter>Source Files</Filter>
    </ClCompile>
  </ItemGroup>
  <ItemGroup>
    <ResourceCompile Include="MapEditor.rc">
      <Filter>Source Files</Filter>
    </ResourceCompile>
  </ItemGroup>
  <ItemGroup>
    <ClInclude Include="BilImages.h">
      <Filter>Header Files</Filter>
    </ClInclude>
    <ClInclude Include="MainFrm.h">
      <Filter>Header Files</Filter>
    </ClInclude>
    <ClInclude Include="MapEditor.h">
      <Filter>Header Files</Filter>
    </ClInclude>
    <ClInclude Include="MapView.h">
      <Filter>Header Files</Filter>
    </ClInclude>
    <ClInclude Include="ObjSetView.h">
      <Filter>Header Files</Filter>
    </ClInclude>
    <ClInclude Include="ObjView.h">
      <Filter>Header Files</Filter>
    </ClInclude>
    <ClInclude Include="ProgressStatusBar.h">
      <Filter>Header Files</Filter>
    </ClInclude>
    <ClInclude Include="Resource.h">
      <Filter>Header Files</Filter>
    </ClInclude>
    <ClInclude Include="SingleSmallTileView.h">
      <Filter>Header Files</Filter>
    </ClInclude>
    <ClInclude Include="SingleTileView.h">
      <Filter>Header Files</Filter>
    </ClInclude>
    <ClInclude Include="SmallTileView.h">
      <Filter>Header Files</Filter>
    </ClInclude>
    <ClInclude Include="StdAfx.h">
      <Filter>Header Files</Filter>
    </ClInclude>
    <ClInclude Include="TileView.h">
      <Filter>Header Files</Filter>
    </ClInclude>
  </ItemGroup>
  <ItemGroup>
    <Image Include="res\MapEditor.ico">
      <Filter>Resource Files</Filter>
    </Image>
    <Image Include="res\toolbar.bmp">
      <Filter>Resource Files</Filter>
    </Image>
  </ItemGroup>
  <ItemGroup>
    <Text Include="ReadMe.txt" />
  </ItemGroup>
  <ItemGroup>
    <Manifest Include="res\XPStyle.manifest" />
  </ItemGroup>
  <ItemGroup>
    <CustomBuild Include="res\MapEditor.rc2">
      <Filter>Resource Files</Filter>
    </CustomBuild>
  </ItemGroup>
</Project>