<?xml version="1.0" encoding="utf-8"?>
<Project ToolsVersion="4.0" xmlns="http://schemas.microsoft.com/developer/msbuild/2003">
  <ItemGroup>
    <Filter Include="Source Files">
      <UniqueIdentifier>{2146da7d-d111-4009-ba58-a4e2542729f6}</UniqueIdentifier>
      <Extensions>cpp;c;cxx;rc;def;r;odl;idl;hpj;bat</Extensions>
    </Filter>
    <Filter Include="Header Files">
      <UniqueIdentifier>{f945a733-821c-4352-832c-1488eb160779}</UniqueIdentifier>
      <Extensions>h;hpp;hxx;hm;inl</Extensions>
    </Filter>
    <Filter Include="D3DCommon">
      <UniqueIdentifier>{db6244b3-948b-4595-a9cb-0d64fa8ecff4}</UniqueIdentifier>
    </Filter>
    <Filter Include="Resource Files">
      <UniqueIdentifier>{0c931416-9887-4530-9fa1-ce57d043d4b1}</UniqueIdentifier>
    </Filter>
  </ItemGroup>
  <ItemGroup>
    <ClCompile Include="RegHandler.cpp">
      <Filter>Source Files</Filter>
    </ClCompile>
    <ClCompile Include="StdAfx.cpp">
      <Filter>Source Files</Filter>
    </ClCompile>
    <ClCompile Include="WHDefProcess.cpp">
      <Filter>Source Files</Filter>
    </ClCompile>
    <ClCompile Include="WHDXGraphic.cpp">
      <Filter>Source Files</Filter>
    </ClCompile>
    <ClCompile Include="WHImage.cpp">
      <Filter>Source Files</Filter>
    </ClCompile>
    <ClCompile Include="WHSurface.cpp">
      <Filter>Source Files</Filter>
    </ClCompile>
    <ClCompile Include="WHWilImage.cpp">
      <Filter>Source Files</Filter>
    </ClCompile>
    <ClCompile Include="WHWilTexture.cpp">
      <Filter>Source Files</Filter>
    </ClCompile>
    <ClCompile Include="WHWindow.cpp">
      <Filter>Source Files</Filter>
    </ClCompile>
    <ClCompile Include="D3DCommon\d3dmath.cpp">
      <Filter>D3DCommon</Filter>
    </ClCompile>
    <ClCompile Include="D3DCommon\d3dtextr.cpp">
      <Filter>D3DCommon</Filter>
    </ClCompile>
    <ClCompile Include="D3DCommon\d3dutil.cpp">
      <Filter>D3DCommon</Filter>
    </ClCompile>
    <ClCompile Include="D3DCommon\ddutil.cpp">
      <Filter>D3DCommon</Filter>
    </ClCompile>
  </ItemGroup>
  <ItemGroup>
    <ClInclude Include="RegHandler.h">
      <Filter>Header Files</Filter>
    </ClInclude>
    <ClInclude Include="StdAfx.h">
      <Filter>Header Files</Filter>
    </ClInclude>
    <ClInclude Include="WHDefProcess.h">
      <Filter>Header Files</Filter>
    </ClInclude>
    <ClInclude Include="WHDXGraphic.h">
      <Filter>Header Files</Filter>
    </ClInclude>
    <ClInclude Include="WHEngine.h">
      <Filter>Header Files</Filter>
    </ClInclude>
    <ClInclude Include="WHImage.h">
      <Filter>Header Files</Filter>
    </ClInclude>
    <ClInclude Include="WHSurface.h">
      <Filter>Header Files</Filter>
    </ClInclude>
    <ClInclude Include="WHWilImage.h">
      <Filter>Header Files</Filter>
    </ClInclude>
    <ClInclude Include="WHWilTexture.h">
      <Filter>Header Files</Filter>
    </ClInclude>
    <ClInclude Include="WHWindow.h">
      <Filter>Header Files</Filter>
    </ClInclude>
    <ClInclude Include="D3DCommon\d3dmath.h">
      <Filter>D3DCommon</Filter>
    </ClInclude>
    <ClInclude Include="D3DCommon\d3dtextr.h">
      <Filter>D3DCommon</Filter>
    </ClInclude>
    <ClInclude Include="D3DCommon\d3dutil.h">
      <Filter>D3DCommon</Filter>
    </ClInclude>
    <ClInclude Include="D3DCommon\ddutil.h">
      <Filter>D3DCommon</Filter>
    </ClInclude>
  </ItemGroup>
  <ItemGroup>
    <Text Include="Readme.txt" />
  </ItemGroup>
</Project>