<?xml version="1.0" encoding="utf-8"?>
<Project ToolsVersion="4.0" xmlns="http://schemas.microsoft.com/developer/msbuild/2003">
  <ItemGroup>
    <Filter Include="Source Files">
      <UniqueIdentifier>{edb48dfc-f549-44db-98c9-62e8f285c85b}</UniqueIdentifier>
      <Extensions>cpp;c;cxx;rc;def;r;odl;idl;hpj;bat</Extensions>
    </Filter>
    <Filter Include="Header Files">
      <UniqueIdentifier>{cb3faea5-04f8-4597-967e-c4a466d5c21b}</UniqueIdentifier>
      <Extensions>h;hpp;hxx;hm;inl</Extensions>
    </Filter>
    <Filter Include="Resource Files">
      <UniqueIdentifier>{96c87ff6-8ba7-446e-8b83-cbb96dcadfe7}</UniqueIdentifier>
      <Extensions>ico;cur;bmp;dlg;rc2;rct;bin;rgs;gif;jpg;jpeg;jpe</Extensions>
    </Filter>
    <Filter Include="_Oranze Library">
      <UniqueIdentifier>{f749f50a-59be-4c4c-9ee6-1553c209e8c4}</UniqueIdentifier>
    </Filter>
    <Filter Include="Def">
      <UniqueIdentifier>{abd45ecf-5932-4613-9ce0-85f265d1616d}</UniqueIdentifier>
      <Extensions>cpp</Extensions>
    </Filter>
  </ItemGroup>
  <ItemGroup>
    <ClCompile Include="AddSvrListFunc.cpp">
      <Filter>Source Files</Filter>
    </ClCompile>
    <ClCompile Include="ConfigDlgFunc.cpp">
      <Filter>Source Files</Filter>
    </ClCompile>
    <ClCompile Include="..\Def\dbmgr.cpp">
      <Filter>Source Files</Filter>
    </ClCompile>
    <ClCompile Include="GateCommSockMsg.cpp">
      <Filter>Source Files</Filter>
    </ClCompile>
    <ClCompile Include="GateInfo.cpp">
      <Filter>Source Files</Filter>
    </ClCompile>
    <ClCompile Include="LoginSvr.cpp">
      <Filter>Source Files</Filter>
    </ClCompile>
    <ClCompile Include="MainWndProc.cpp">
      <Filter>Source Files</Filter>
    </ClCompile>
    <ClCompile Include="..\Def\Misc.cpp">
      <Filter>Source Files</Filter>
    </ClCompile>
    <ClCompile Include="ServerListProc.cpp">
      <Filter>Source Files</Filter>
    </ClCompile>
    <ClCompile Include="StdAfx.cpp">
      <Filter>Source Files</Filter>
    </ClCompile>
    <ClCompile Include="ThreadFuncForMsg.cpp">
      <Filter>Source Files</Filter>
    </ClCompile>
    <ClCompile Include="..\Def\_OrzEx\database.cpp">
      <Filter>_Oranze Library</Filter>
    </ClCompile>
    <ClCompile Include="..\Def\_OrzEx\syncobj.cpp">
      <Filter>_Oranze Library</Filter>
    </ClCompile>
    <ClCompile Include="..\Def\EnDecode.cpp">
      <Filter>Def</Filter>
    </ClCompile>
    <ClCompile Include="..\Def\RegstryHandler.cpp">
      <Filter>Def</Filter>
    </ClCompile>
    <ClCompile Include="..\Def\ServerSockHandler.cpp">
      <Filter>Def</Filter>
    </ClCompile>
  </ItemGroup>
  <ItemGroup>
    <ResourceCompile Include="LoginSvr.rc">
      <Filter>Source Files</Filter>
    </ResourceCompile>
  </ItemGroup>
  <ItemGroup>
    <ClInclude Include="..\Def\dbmgr.h">
      <Filter>Header Files</Filter>
    </ClInclude>
    <ClInclude Include="..\Def\DynamicArray.h">
      <Filter>Header Files</Filter>
    </ClInclude>
    <ClInclude Include="..\Def\EnDecode.h">
      <Filter>Header Files</Filter>
    </ClInclude>
    <ClInclude Include="..\Def\List.h">
      <Filter>Header Files</Filter>
    </ClInclude>
    <ClInclude Include="LoginSvr.h">
      <Filter>Header Files</Filter>
    </ClInclude>
    <ClInclude Include="..\Def\Misc.h">
      <Filter>Header Files</Filter>
    </ClInclude>
    <ClInclude Include="..\Def\Protocol.h">
      <Filter>Header Files</Filter>
    </ClInclude>
    <ClInclude Include="..\Def\Queue.h">
      <Filter>Header Files</Filter>
    </ClInclude>
    <ClInclude Include="..\Def\ServerSockHandler.h">
      <Filter>Header Files</Filter>
    </ClInclude>
    <ClInclude Include="StdAfx.h">
      <Filter>Header Files</Filter>
    </ClInclude>
    <ClInclude Include="..\Def\_OrzEx\database.h">
      <Filter>_Oranze Library</Filter>
    </ClInclude>
    <ClInclude Include="..\Def\_OrzEx\syncobj.h">
      <Filter>_Oranze Library</Filter>
    </ClInclude>
  </ItemGroup>
  <ItemGroup>
    <Image Include="Res\MIR2.ICO">
      <Filter>Resource Files</Filter>
    </Image>
    <Image Include="Res\toolbar.bmp">
      <Filter>Resource Files</Filter>
    </Image>
  </ItemGroup>
  <ItemGroup>
    <Text Include="ReadMe.txt" />
  </ItemGroup>
</Project>